
Microsoft Visual Studio Solution File, Format Version 12.00
# Visual Studio 2013
VisualStudioVersion = 12.0.21005.1
MinimumVisualStudioVersion = 10.0.40219.1
Project("{FAE04EC0-301F-11D3-BF4B-00C04F79EFBC}") = "InstaWarp2", "InstaWarp2\InstaWarp2.csproj", "{1DF89951-366B-4B59-A41F-8C7052216FD9}"
EndProject
Project("{FAE04EC0-301F-11D3-BF4B-00C04F79EFBC}") = "Core", "Core\Core.csproj", "{3D5F6DF0-AF45-4B91-A3F6-C71605D2FC54}"
EndProject
Global
	GlobalSection(SolutionConfigurationPlatforms) = preSolution
		Debug|Any CPU = Debug|Any CPU
		Debug|x86 = Debug|x86
		Release|Any CPU = Release|Any CPU
		Release|x86 = Release|x86
	EndGlobalSection
	GlobalSection(ProjectConfigurationPlatforms) = postSolution
		{1DF89951-366B-4B59-A41F-8C7052216FD9}.Debug|Any CPU.ActiveCfg = Debug|Any CPU
		{1DF89951-366B-4B59-A41F-8C7052216FD9}.Debug|Any CPU.Build.0 = Debug|Any CPU
		{1DF89951-366B-4B59-A41F-8C7052216FD9}.Debug|x86.ActiveCfg = Debug|x86
		{1DF89951-366B-4B59-A41F-8C7052216FD9}.Debug|x86.Build.0 = Debug|x86
		{1DF89951-366B-4B59-A41F-8C7052216FD9}.Release|Any CPU.ActiveCfg = Release|Any CPU
		{1DF89951-366B-4B59-A41F-8C7052216FD9}.Release|Any CPU.Build.0 = Release|Any CPU
		{1DF89951-366B-4B59-A41F-8C7052216FD9}.Release|x86.ActiveCfg = Release|Any CPU
		{1DF89951-366B-4B59-A41F-8C7052216FD9}.Release|x86.Build.0 = Release|Any CPU
		{3D5F6DF0-AF45-4B91-A3F6-C71605D2FC54}.Debug|Any CPU.ActiveCfg = Debug|Any CPU
		{3D5F6DF0-AF45-4B91-A3F6-C71605D2FC54}.Debug|Any CPU.Build.0 = Debug|Any CPU
		{3D5F6DF0-AF45-4B91-A3F6-C71605D2FC54}.Debug|x86.ActiveCfg = Debug|Any CPU
		{3D5F6DF0-AF45-4B91-A3F6-C71605D2FC54}.Release|Any CPU.ActiveCfg = Release|Any CPU
		{3D5F6DF0-AF45-4B91-A3F6-C71605D2FC54}.Release|Any CPU.Build.0 = Release|Any CPU
		{3D5F6DF0-AF45-4B91-A3F6-C71605D2FC54}.Release|x86.ActiveCfg = Release|Any CPU
		{3D5F6DF0-AF45-4B91-A3F6-C71605D2FC54}.Release|x86.Build.0 = Release|Any CPU
	EndGlobalSection
	GlobalSection(SolutionProperties) = preSolution
		HideSolutionNode = FALSE
	EndGlobalSection
EndGlobal
